// !$*UTF8*$!
{
	archiveVersion = 1;
	classes = {
	};
	objectVersion = 55;
	objects = {

/* Begin PBXBuildFile section */
		FBB928CD27654D9300BF3B01 /* AppDelegate.swift in Sources */ = {isa = PBXBuildFile; fileRef = FBB928CC27654D9300BF3B01 /* AppDelegate.swift */; };
		FBB928CF27654D9300BF3B01 /* SceneDelegate.swift in Sources */ = {isa = PBXBuildFile; fileRef = FBB928CE27654D9300BF3B01 /* SceneDelegate.swift */; };
		FBB928D127654D9300BF3B01 /* ViewController.swift in Sources */ = {isa = PBXBuildFile; fileRef = FBB928D027654D9300BF3B01 /* ViewController.swift */; };
		FBB928D427654D9300BF3B01 /* Main.storyboard in Resources */ = {isa = PBXBuildFile; fileRef = FBB928D227654D9300BF3B01 /* Main.storyboard */; };
		FBB928D627654D9400BF3B01 /* Assets.xcassets in Resources */ = {isa = PBXBuildFile; fileRef = FBB928D527654D9400BF3B01 /* Assets.xcassets */; };
		FBB928D927654D9400BF3B01 /* LaunchScreen.storyboard in Resources */ = {isa = PBXBuildFile; fileRef = FBB928D727654D9400BF3B01 /* LaunchScreen.storyboard */; };
		FBB928E427654D9400BF3B01 /* MobileSoftwareBookTests.swift in Sources */ = {isa = PBXBuildFile; fileRef = FBB928E327654D9400BF3B01 /* MobileSoftwareBookTests.swift */; };
		FBB928EE27654D9400BF3B01 /* MobileSoftwareBookUITests.swift in Sources */ = {isa = PBXBuildFile; fileRef = FBB928ED27654D9400BF3B01 /* MobileSoftwareBookUITests.swift */; };
		FBB928F027654D9400BF3B01 /* MobileSoftwareBookUITestsLaunchTests.swift in Sources */ = {isa = PBXBuildFile; fileRef = FBB928EF27654D9400BF3B01 /* MobileSoftwareBookUITestsLaunchTests.swift */; };
		FBB928FD27654F0500BF3B01 /* detailViewController.swift in Sources */ = {isa = PBXBuildFile; fileRef = FBB928FC27654F0500BF3B01 /* detailViewController.swift */; };
		FBB9290127654F3700BF3B01 /* LanguageDetail.swift in Sources */ = {isa = PBXBuildFile; fileRef = FBB9290027654F3700BF3B01 /* LanguageDetail.swift */; };
/* End PBXBuildFile section */

/* Begin PBXContainerItemProxy section */
		FBB928E027654D9400BF3B01 /* PBXContainerItemProxy */ = {
			isa = PBXContainerItemProxy;
			containerPortal = FBB928C127654D9300BF3B01 /* Project object */;
			proxyType = 1;
			remoteGlobalIDString = FBB928C827654D9300BF3B01;
			remoteInfo = MobileSoftwareBook;
		};
		FBB928EA27654D9400BF3B01 /* PBXContainerItemProxy */ = {
			isa = PBXContainerItemProxy;
			containerPortal = FBB928C127654D9300BF3B01 /* Project object */;
			proxyType = 1;
			remoteGlobalIDString = FBB928C827654D9300BF3B01;
			remoteInfo = MobileSoftwareBook;
		};
/* End PBXContainerItemProxy section */

/* Begin PBXFileReference section */
		FBB928C927654D9300BF3B01 /* MobileSoftwareBook.app */ = {isa = PBXFileReference; explicitFileType = wrapper.application; includeInIndex = 0; path = MobileSoftwareBook.app; sourceTree = BUILT_PRODUCTS_DIR; };
		FBB928CC27654D9300BF3B01 /* AppDelegate.swift */ = {isa = PBXFileReference; lastKnownFileType = sourcecode.swift; path = AppDelegate.swift; sourceTree = "<group>"; };
		FBB928CE27654D9300BF3B01 /* SceneDelegate.swift */ = {isa = PBXFileReference; lastKnownFileType = sourcecode.swift; path = SceneDelegate.swift; sourceTree = "<group>"; };
		FBB928D027654D9300BF3B01 /* ViewController.swift */ = {isa = PBXFileReference; lastKnownFileType = sourcecode.swift; path = ViewController.swift; sourceTree = "<group>"; };
		FBB928D327654D9300BF3B01 /* Base */ = {isa = PBXFileReference; lastKnownFileType = file.storyboard; name = Base; path = Base.lproj/Main.storyboard; sourceTree = "<group>"; };
		FBB928D527654D9400BF3B01 /* Assets.xcassets */ = {isa = PBXFileReference; lastKnownFileType = folder.assetcatalog; path = Assets.xcassets; sourceTree = "<group>"; };
		FBB928D827654D9400BF3B01 /* Base */ = {isa = PBXFileReference; lastKnownFileType = file.storyboard; name = Base; path = Base.lproj/LaunchScreen.storyboard; sourceTree = "<group>"; };
		FBB928DA27654D9400BF3B01 /* Info.plist */ = {isa = PBXFileReference; lastKnownFileType = text.plist.xml; path = Info.plist; sourceTree = "<group>"; };
		FBB928DF27654D9400BF3B01 /* MobileSoftwareBookTests.xctest */ = {isa = PBXFileReference; explicitFileType = wrapper.cfbundle; includeInIndex = 0; path = MobileSoftwareBookTests.xctest; sourceTree = BUILT_PRODUCTS_DIR; };
		FBB928E327654D9400BF3B01 /* MobileSoftwareBookTests.swift */ = {isa = PBXFileReference; lastKnownFileType = sourcecode.swift; path = MobileSoftwareBookTests.swift; sourceTree = "<group>"; };
		FBB928E927654D9400BF3B01 /* MobileSoftwareBookUITests.xctest */ = {isa = PBXFileReference; explicitFileType = wrapper.cfbundle; includeInIndex = 0; path = MobileSoftwareBookUITests.xctest; sourceTree = BUILT_PRODUCTS_DIR; };
		FBB928ED27654D9400BF3B01 /* MobileSoftwareBookUITests.swift */ = {isa = PBXFileReference; lastKnownFileType = sourcecode.swift; path = MobileSoftwareBookUITests.swift; sourceTree = "<group>"; };
		FBB928EF27654D9400BF3B01 /* MobileSoftwareBookUITestsLaunchTests.swift */ = {isa = PBXFileReference; lastKnownFileType = sourcecode.swift; path = MobileSoftwareBookUITestsLaunchTests.swift; sourceTree = "<group>"; };
		FBB928FC27654F0500BF3B01 /* detailViewController.swift */ = {isa = PBXFileReference; lastKnownFileType = sourcecode.swift; path = detailViewController.swift; sourceTree = "<group>"; };
		FBB9290027654F3700BF3B01 /* LanguageDetail.swift */ = {isa = PBXFileReference; lastKnownFileType = sourcecode.swift; path = LanguageDetail.swift; sourceTree = "<group>"; };
/* End PBXFileReference section */

/* Begin PBXFrameworksBuildPhase section */
		FBB928C627654D9300BF3B01 /* Frameworks */ = {
			isa = PBXFrameworksBuildPhase;
			buildActionMask = 2147483647;
			files = (
			);
			runOnlyForDeploymentPostprocessing = 0;
		};
		FBB928DC27654D9400BF3B01 /* Frameworks */ = {
			isa = PBXFrameworksBuildPhase;
			buildActionMask = 2147483647;
			files = (
			);
			runOnlyForDeploymentPostprocessing = 0;
		};
		FBB928E627654D9400BF3B01 /* Frameworks */ = {
			isa = PBXFrameworksBuildPhase;
			buildActionMask = 2147483647;
			files = (
			);
			runOnlyForDeploymentPostprocessing = 0;
		};
/* End PBXFrameworksBuildPhase section */

/* Begin PBXGroup section */
		FBB928C027654D9300BF3B01 = {
			isa = PBXGroup;
			children = (
				FBB928CB27654D9300BF3B01 /* MobileSoftwareBook */,
				FBB928E227654D9400BF3B01 /* MobileSoftwareBookTests */,
				FBB928EC27654D9400BF3B01 /* MobileSoftwareBookUITests */,
				FBB928CA27654D9300BF3B01 /* Products */,
			);
			sourceTree = "<group>";
		};
		FBB928CA27654D9300BF3B01 /* Products */ = {
			isa = PBXGroup;
			children = (
				FBB928C927654D9300BF3B01 /* MobileSoftwareBook.app */,
				FBB928DF27654D9400BF3B01 /* MobileSoftwareBookTests.xctest */,
				FBB928E927654D9400BF3B01 /* MobileSoftwareBookUITests.xctest */,
			);
			name = Products;
			sourceTree = "<group>";
		};
		FBB928CB27654D9300BF3B01 /* MobileSoftwareBook */ = {
			isa = PBXGroup;
			children = (
				FBB928CC27654D9300BF3B01 /* AppDelegate.swift */,
				FBB928CE27654D9300BF3B01 /* SceneDelegate.swift */,
				FBB928D027654D9300BF3B01 /* ViewController.swift */,
				FBB928D227654D9300BF3B01 /* Main.storyboard */,
				FBB9290027654F3700BF3B01 /* LanguageDetail.swift */,
				FBB928FC27654F0500BF3B01 /* detailViewController.swift */,
				FBB928D527654D9400BF3B01 /* Assets.xcassets */,
				FBB928D727654D9400BF3B01 /* LaunchScreen.storyboard */,
				FBB928DA27654D9400BF3B01 /* Info.plist */,
			);
			path = MobileSoftwareBook;
			sourceTree = "<group>";
		};
		FBB928E227654D9400BF3B01 /* MobileSoftwareBookTests */ = {
			isa = PBXGroup;
			children = (
				FBB928E327654D9400BF3B01 /* MobileSoftwareBookTests.swift */,
			);
			path = MobileSoftwareBookTests;
			sourceTree = "<group>";
		};
		FBB928EC27654D9400BF3B01 /* MobileSoftwareBookUITests */ = {
			isa = PBXGroup;
			children = (
				FBB928ED27654D9400BF3B01 /* MobileSoftwareBookUITests.swift */,
				FBB928EF27654D9400BF3B01 /* MobileSoftwareBookUITestsLaunchTests.swift */,
			);
			path = MobileSoftwareBookUITests;
			sourceTree = "<group>";
		};
/* End PBXGroup section */

/* Begin PBXNativeTarget section */
		FBB928C827654D9300BF3B01 /* MobileSoftwareBook */ = {
			isa = PBXNativeTarget;
			buildConfigurationList = FBB928F327654D9400BF3B01 /* Build configuration list for PBXNativeTarget "MobileSoftwareBook" */;
			buildPhases = (
				FBB928C527654D9300BF3B01 /* Sources */,
				FBB928C627654D9300BF3B01 /* Frameworks */,
				FBB928C727654D9300BF3B01 /* Resources */,
			);
			buildRules = (
			);
			dependencies = (
			);
			name = MobileSoftwareBook;
			productName = MobileSoftwareBook;
			productReference = FBB928C927654D9300BF3B01 /* MobileSoftwareBook.app */;
			productType = "com.apple.product-type.application";
		};
		FBB928DE27654D9400BF3B01 /* MobileSoftwareBookTests */ = {
			isa = PBXNativeTarget;
			buildConfigurationList = FBB928F627654D9400BF3B01 /* Build configuration list for PBXNativeTarget "MobileSoftwareBookTests" */;
			buildPhases = (
				FBB928DB27654D9400BF3B01 /* Sources */,
				FBB928DC27654D9400BF3B01 /* Frameworks */,
				FBB928DD27654D9400BF3B01 /* Resources */,
			);
			buildRules = (
			);
			dependencies = (
				FBB928E127654D9400BF3B01 /* PBXTargetDependency */,
			);
			name = MobileSoftwareBookTests;
			productName = MobileSoftwareBookTests;
			productReference = FBB928DF27654D9400BF3B01 /* MobileSoftwareBookTests.xctest */;
			productType = "com.apple.product-type.bundle.unit-test";
		};
		FBB928E827654D9400BF3B01 /* MobileSoftwareBookUITests */ = {
			isa = PBXNativeTarget;
			buildConfigurationList = FBB928F927654D9400BF3B01 /* Build configuration list for PBXNativeTarget "MobileSoftwareBookUITests" */;
			buildPhases = (
				FBB928E527654D9400BF3B01 /* Sources */,
				FBB928E627654D9400BF3B01 /* Frameworks */,
				FBB928E727654D9400BF3B01 /* Resources */,
			);
			buildRules = (
			);
			dependencies = (
				FBB928EB27654D9400BF3B01 /* PBXTargetDependency */,
			);
			name = MobileSoftwareBookUITests;
			productName = MobileSoftwareBookUITests;
			productReference = FBB928E927654D9400BF3B01 /* MobileSoftwareBookUITests.xctest */;
			productType = "com.apple.product-type.bundle.ui-testing";
		};
/* End PBXNativeTarget section */

/* Begin PBXProject section */
		FBB928C127654D9300BF3B01 /* Project object */ = {
			isa = PBXProject;
			attributes = {
				BuildIndependentTargetsInParallel = 1;
				LastSwiftUpdateCheck = 1310;
				LastUpgradeCheck = 1310;
				TargetAttributes = {
					FBB928C827654D9300BF3B01 = {
						CreatedOnToolsVersion = 13.1;
					};
					FBB928DE27654D9400BF3B01 = {
						CreatedOnToolsVersion = 13.1;
						TestTargetID = FBB928C827654D9300BF3B01;
					};
					FBB928E827654D9400BF3B01 = {
						CreatedOnToolsVersion = 13.1;
						TestTargetID = FBB928C827654D9300BF3B01;
					};
				};
			};
			buildConfigurationList = FBB928C427654D9300BF3B01 /* Build configuration list for PBXProject "MobileSoftwareBook" */;
			compatibilityVersion = "Xcode 13.0";
			developmentRegion = en;
			hasScannedForEncodings = 0;
			knownRegions = (
				en,
				Base,
			);
			mainGroup = FBB928C027654D9300BF3B01;
			productRefGroup = FBB928CA27654D9300BF3B01 /* Products */;
			projectDirPath = "";
			projectRoot = "";
			targets = (
				FBB928C827654D9300BF3B01 /* MobileSoftwareBook */,
				FBB928DE27654D9400BF3B01 /* MobileSoftwareBookTests */,
				FBB928E827654D9400BF3B01 /* MobileSoftwareBookUITests */,
			);
		};
/* End PBXProject section */

/* Begin PBXResourcesBuildPhase section */
		FBB928C727654D9300BF3B01 /* Resources */ = {
			isa = PBXResourcesBuildPhase;
			buildActionMask = 2147483647;
			files = (
				FBB928D927654D9400BF3B01 /* LaunchScreen.storyboard in Resources */,
				FBB928D627654D9400BF3B01 /* Assets.xcassets in Resources */,
				FBB928D427654D9300BF3B01 /* Main.storyboard in Resources */,
			);
			runOnlyForDeploymentPostprocessing = 0;
		};
		FBB928DD27654D9400BF3B01 /* Resources */ = {
			isa = PBXResourcesBuildPhase;
			buildActionMask = 2147483647;
			files = (
			);
			runOnlyForDeploymentPostprocessing = 0;
		};
		FBB928E727654D9400BF3B01 /* Resources */ = {
			isa = PBXResourcesBuildPhase;
			buildActionMask = 2147483647;
			files = (
			);
			runOnlyForDeploymentPostprocessing = 0;
		};
/* End PBXResourcesBuildPhase section */

/* Begin PBXSourcesBuildPhase section */
		FBB928C527654D9300BF3B01 /* Sources */ = {
			isa = PBXSourcesBuildPhase;
			buildActionMask = 2147483647;
			files = (
				FBB928D127654D9300BF3B01 /* ViewController.swift in Sources */,
				FBB928CD27654D9300BF3B01 /* AppDelegate.swift in Sources */,
				FBB9290127654F3700BF3B01 /* LanguageDetail.swift in Sources */,
				FBB928CF27654D9300BF3B01 /* SceneDelegate.swift in Sources */,
				FBB928FD27654F0500BF3B01 /* detailViewController.swift in Sources */,
			);
			runOnlyForDeploymentPostprocessing = 0;
		};
		FBB928DB27654D9400BF3B01 /* Sources */ = {
			isa = PBXSourcesBuildPhase;
			buildActionMask = 2147483647;
			files = (
				FBB928E427654D9400BF3B01 /* MobileSoftwareBookTests.swift in Sources */,
			);
			runOnlyForDeploymentPostprocessing = 0;
		};
		FBB928E527654D9400BF3B01 /* Sources */ = {
			isa = PBXSourcesBuildPhase;
			buildActionMask = 2147483647;
			files = (
				FBB928F027654D9400BF3B01 /* MobileSoftwareBookUITestsLaunchTests.swift in Sources */,
				FBB928EE27654D9400BF3B01 /* MobileSoftwareBookUITests.swift in Sources */,
			);
			runOnlyForDeploymentPostprocessing = 0;
		};
/* End PBXSourcesBuildPhase section */

/* Begin PBXTargetDependency section */
		FBB928E127654D9400BF3B01 /* PBXTargetDependency */ = {
			isa = PBXTargetDependency;
			target = FBB928C827654D9300BF3B01 /* MobileSoftwareBook */;
			targetProxy = FBB928E027654D9400BF3B01 /* PBXContainerItemProxy */;
		};
		FBB928EB27654D9400BF3B01 /* PBXTargetDependency */ = {
			isa = PBXTargetDependency;
			target = FBB928C827654D9300BF3B01 /* MobileSoftwareBook */;
			targetProxy = FBB928EA27654D9400BF3B01 /* PBXContainerItemProxy */;
		};
/* End PBXTargetDependency section */

/* Begin PBXVariantGroup section */
		FBB928D227654D9300BF3B01 /* Main.storyboard */ = {
			isa = PBXVariantGroup;
			children = (
				FBB928D327654D9300BF3B01 /* Base */,
			);
			name = Main.storyboard;
			sourceTree = "<group>";
		};
		FBB928D727654D9400BF3B01 /* LaunchScreen.storyboard */ = {
			isa = PBXVariantGroup;
			children = (
				FBB928D827654D9400BF3B01 /* Base */,
			);
			name = LaunchScreen.storyboard;
			sourceTree = "<group>";
		};
/* End PBXVariantGroup section */

/* Begin XCBuildConfiguration section */
		FBB928F127654D9400BF3B01 /* Debug */ = {
			isa = XCBuildConfiguration;
			buildSettings = {
				ALWAYS_SEARCH_USER_PATHS = NO;
				CLANG_ANALYZER_NONNULL = YES;
				CLANG_ANALYZER_NUMBER_OBJECT_CONVERSION = YES_AGGRESSIVE;
				CLANG_CXX_LANGUAGE_STANDARD = "gnu++17";
				CLANG_CXX_LIBRARY = "libc++";
				CLANG_ENABLE_MODULES = YES;
				CLANG_ENABLE_OBJC_ARC = YES;
				CLANG_ENABLE_OBJC_WEAK = YES;
				CLANG_WARN_BLOCK_CAPTURE_AUTORELEASING = YES;
				CLANG_WARN_BOOL_CONVERSION = YES;
				CLANG_WARN_COMMA = YES;
				CLANG_WARN_CONSTANT_CONVERSION = YES;
				CLANG_WARN_DEPRECATED_OBJC_IMPLEMENTATIONS = YES;
				CLANG_WARN_DIRECT_OBJC_ISA_USAGE = YES_ERROR;
				CLANG_WARN_DOCUMENTATION_COMMENTS = YES;
				CLANG_WARN_EMPTY_BODY = YES;
				CLANG_WARN_ENUM_CONVERSION = YES;
				CLANG_WARN_INFINITE_RECURSION = YES;
				CLANG_WARN_INT_CONVERSION = YES;
				CLANG_WARN_NON_LITERAL_NULL_CONVERSION = YES;
				CLANG_WARN_OBJC_IMPLICIT_RETAIN_SELF = YES;
				CLANG_WARN_OBJC_LITERAL_CONVERSION = YES;
				CLANG_WARN_OBJC_ROOT_CLASS = YES_ERROR;
				CLANG_WARN_QUOTED_INCLUDE_IN_FRAMEWORK_HEADER = YES;
				CLANG_WARN_RANGE_LOOP_ANALYSIS = YES;
				CLANG_WARN_STRICT_PROTOTYPES = YES;
				CLANG_WARN_SUSPICIOUS_MOVE = YES;
				CLANG_WARN_UNGUARDED_AVAILABILITY = YES_AGGRESSIVE;
				CLANG_WARN_UNREACHABLE_CODE = YES;
				CLANG_WARN__DUPLICATE_METHOD_MATCH = YES;
				COPY_PHASE_STRIP = NO;
				DEBUG_INFORMATION_FORMAT = dwarf;
				ENABLE_STRICT_OBJC_MSGSEND = YES;
				ENABLE_TESTABILITY = YES;
				GCC_C_LANGUAGE_STANDARD = gnu11;
				GCC_DYNAMIC_NO_PIC = NO;
				GCC_NO_COMMON_BLOCKS = YES;
				GCC_OPTIMIZATION_LEVEL = 0;
				GCC_PREPROCESSOR_DEFINITIONS = (
					"DEBUG=1",
					"$(inherited)",
				);
				GCC_WARN_64_TO_32_BIT_CONVERSION = YES;
				GCC_WARN_ABOUT_RETURN_TYPE = YES_ERROR;
				GCC_WARN_UNDECLARED_SELECTOR = YES;
				GCC_WARN_UNINITIALIZED_AUTOS = YES_AGGRESSIVE;
				GCC_WARN_UNUSED_FUNCTION = YES;
				GCC_WARN_UNUSED_VARIABLE = YES;
				IPHONEOS_DEPLOYMENT_TARGET = 15.0;
				MTL_ENABLE_DEBUG_INFO = INCLUDE_SOURCE;
				MTL_FAST_MATH = YES;
				ONLY_ACTIVE_ARCH = YES;
				SDKROOT = iphoneos;
				SWIFT_ACTIVE_COMPILATION_CONDITIONS = DEBUG;
				SWIFT_OPTIMIZATION_LEVEL = "-Onone";
			};
			name = Debug;
		};
		FBB928F227654D9400BF3B01 /* Release */ = {
			isa = XCBuildConfiguration;
			buildSettings = {
				ALWAYS_SEARCH_USER_PATHS = NO;
				CLANG_ANALYZER_NONNULL = YES;
				CLANG_ANALYZER_NUMBER_OBJECT_CONVERSION = YES_AGGRESSIVE;
				CLANG_CXX_LANGUAGE_STANDARD = "gnu++17";
				CLANG_CXX_LIBRARY = "libc++";
				CLANG_ENABLE_MODULES = YES;
				CLANG_ENABLE_OBJC_ARC = YES;
				CLANG_ENABLE_OBJC_WEAK = YES;
				CLANG_WARN_BLOCK_CAPTURE_AUTORELEASING = YES;
				CLANG_WARN_BOOL_CONVERSION = YES;
				CLANG_WARN_COMMA = YES;
				CLANG_WARN_CONSTANT_CONVERSION = YES;
				CLANG_WARN_DEPRECATED_OBJC_IMPLEMENTATIONS = YES;
				CLANG_WARN_DIRECT_OBJC_ISA_USAGE = YES_ERROR;
				CLANG_WARN_DOCUMENTATION_COMMENTS = YES;
				CLANG_WARN_EMPTY_BODY = YES;
				CLANG_WARN_ENUM_CONVERSION = YES;
				CLANG_WARN_INFINITE_RECURSION = YES;
				CLANG_WARN_INT_CONVERSION = YES;
				CLANG_WARN_NON_LITERAL_NULL_CONVERSION = YES;
				CLANG_WARN_OBJC_IMPLICIT_RETAIN_SELF = YES;
				CLANG_WARN_OBJC_LITERAL_CONVERSION = YES;
				CLANG_WARN_OBJC_ROOT_CLASS = YES_ERROR;
				CLANG_WARN_QUOTED_INCLUDE_IN_FRAMEWORK_HEADER = YES;
				CLANG_WARN_RANGE_LOOP_ANALYSIS = YES;
				CLANG_WARN_STRICT_PROTOTYPES = YES;
				CLANG_WARN_SUSPICIOUS_MOVE = YES;
				CLANG_WARN_UNGUARDED_AVAILABILITY = YES_AGGRESSIVE;
				CLANG_WARN_UNREACHABLE_CODE = YES;
				CLANG_WARN__DUPLICATE_METHOD_MATCH = YES;
				COPY_PHASE_STRIP = NO;
				DEBUG_INFORMATION_FORMAT = "dwarf-with-dsym";
				ENABLE_NS_ASSERTIONS = NO;
				ENABLE_STRICT_OBJC_MSGSEND = YES;
				GCC_C_LANGUAGE_STANDARD = gnu11;
				GCC_NO_COMMON_BLOCKS = YES;
				GCC_WARN_64_TO_32_BIT_CONVERSION = YES;
				GCC_WARN_ABOUT_RETURN_TYPE = YES_ERROR;
				GCC_WARN_UNDECLARED_SELECTOR = YES;
				GCC_WARN_UNINITIALIZED_AUTOS = YES_AGGRESSIVE;
				GCC_WARN_UNUSED_FUNCTION = YES;
				GCC_WARN_UNUSED_VARIABLE = YES;
				IPHONEOS_DEPLOYMENT_TARGET = 15.0;
				MTL_ENABLE_DEBUG_INFO = NO;
				MTL_FAST_MATH = YES;
				SDKROOT = iphoneos;
				SWIFT_COMPILATION_MODE = wholemodule;
				SWIFT_OPTIMIZATION_LEVEL = "-O";
				VALIDATE_PRODUCT = YES;
			};
			name = Release;
		};
		FBB928F427654D9400BF3B01 /* Debug */ = {
			isa = XCBuildConfiguration;
			buildSettings = {
				ASSETCATALOG_COMPILER_APPICON_NAME = AppIcon;
				ASSETCATALOG_COMPILER_GLOBAL_ACCENT_COLOR_NAME = AccentColor;
				CODE_SIGN_STYLE = Automatic;
				CURRENT_PROJECT_VERSION = 1;
				GENERATE_INFOPLIST_FILE = YES;
				INFOPLIST_FILE = MobileSoftwareBook/Info.plist;
				INFOPLIST_KEY_UIApplicationSupportsIndirectInputEvents = YES;
				INFOPLIST_KEY_UILaunchStoryboardName = LaunchScreen;
				INFOPLIST_KEY_UIMainStoryboardFile = Main;
				INFOPLIST_KEY_UISupportedInterfaceOrientations = UIInterfaceOrientationPortrait;
				INFOPLIST_KEY_UISupportedInterfaceOrientations_iPad = "UIInterfaceOrientationPortrait UIInterfaceOrientationPortraitUpsideDown UIInterfaceOrientationLandscapeLeft UIInterfaceOrientationLandscapeRight";
				INFOPLIST_KEY_UISupportedInterfaceOrientations_iPhone = "UIInterfaceOrientationPortrait UIInterfaceOrientationLandscapeLeft UIInterfaceOrientationLandscapeRight";
				LD_RUNPATH_SEARCH_PATHS = (
					"$(inherited)",
					"@executable_path/Frameworks",
				);
				MARKETING_VERSION = 1.0;
				PRODUCT_BUNDLE_IDENTIFIER = com.kunai.MobileSoftwareBook;
				PRODUCT_NAME = "$(TARGET_NAME)";
				SWIFT_EMIT_LOC_STRINGS = YES;
				SWIFT_VERSION = 5.0;
				TARGETED_DEVICE_FAMILY = "1,2";
			};
			name = Debug;
		};
		FBB928F527654D9400BF3B01 /* Release */ = {
			isa = XCBuildConfiguration;
			buildSettings = {
				ASSETCATALOG_COMPILER_APPICON_NAME = AppIcon;
				ASSETCATALOG_COMPILER_GLOBAL_ACCENT_COLOR_NAME = AccentColor;
				CODE_SIGN_STYLE = Automatic;
				CURRENT_PROJECT_VERSION = 1;
				GENERATE_INFOPLIST_FILE = YES;
				INFOPLIST_FILE = MobileSoftwareBook/Info.plist;
				INFOPLIST_KEY_UIApplicationSupportsIndirectInputEvents = YES;
				INFOPLIST_KEY_UILaunchStoryboardName = LaunchScreen;
				INFOPLIST_KEY_UIMainStoryboardFile = Main;
				INFOPLIST_KEY_UISupportedInterfaceOrientations = UIInterfaceOrientationPortrait;
				INFOPLIST_KEY_UISupportedInterfaceOrientations_iPad = "UIInterfaceOrientationPortrait UIInterfaceOrientationPortraitUpsideDown UIInterfaceOrientationLandscapeLeft UIInterfaceOrientationLandscapeRight";
				INFOPLIST_KEY_UISupportedInterfaceOrientations_iPhone = "UIInterfaceOrientationPortrait UIInterfaceOrientationLandscapeLeft UIInterfaceOrientationLandscapeRight";
				LD_RUNPATH_SEARCH_PATHS = (
					"$(inherited)",
					"@executable_path/Frameworks",
				);
				MARKETING_VERSION = 1.0;
				PRODUCT_BUNDLE_IDENTIFIER = com.kunai.MobileSoftwareBook;
				PRODUCT_NAME = "$(TARGET_NAME)";
				SWIFT_EMIT_LOC_STRINGS = YES;
				SWIFT_VERSION = 5.0;
				TARGETED_DEVICE_FAMILY = "1,2";
			};
			name = Release;
		};
		FBB928F727654D9400BF3B01 /* Debug */ = {
			isa = XCBuildConfiguration;
			buildSettings = {
				ALWAYS_EMBED_SWIFT_STANDARD_LIBRARIES = YES;
				BUNDLE_LOADER = "$(TEST_HOST)";
				CODE_SIGN_STYLE = Automatic;
				CURRENT_PROJECT_VERSION = 1;
				GENERATE_INFOPLIST_FILE = YES;
				IPHONEOS_DEPLOYMENT_TARGET = 15.0;
				LD_RUNPATH_SEARCH_PATHS = (
					"$(inherited)",
					"@executable_path/Frameworks",
					"@loader_path/Frameworks",
				);
				MARKETING_VERSION = 1.0;
				PRODUCT_BUNDLE_IDENTIFIER = com.kunai.MobileSoftwareBookTests;
				PRODUCT_NAME = "$(TARGET_NAME)";
				SWIFT_EMIT_LOC_STRINGS = NO;
				SWIFT_VERSION = 5.0;
				TARGETED_DEVICE_FAMILY = "1,2";
				TEST_HOST = "$(BUILT_PRODUCTS_DIR)/MobileSoftwareBook.app/MobileSoftwareBook";
			};
			name = Debug;
		};
		FBB928F827654D9400BF3B01 /* Release */ = {
			isa = XCBuildConfiguration;
			buildSettings = {
				ALWAYS_EMBED_SWIFT_STANDARD_LIBRARIES = YES;
				BUNDLE_LOADER = "$(TEST_HOST)";
				CODE_SIGN_STYLE = Automatic;
				CURRENT_PROJECT_VERSION = 1;
				GENERATE_INFOPLIST_FILE = YES;
				IPHONEOS_DEPLOYMENT_TARGET = 15.0;
				LD_RUNPATH_SEARCH_PATHS = (
					"$(inherited)",
					"@executable_path/Frameworks",
					"@loader_path/Frameworks",
				);
				MARKETING_VERSION = 1.0;
				PRODUCT_BUNDLE_IDENTIFIER = com.kunai.MobileSoftwareBookTests;
				PRODUCT_NAME = "$(TARGET_NAME)";
				SWIFT_EMIT_LOC_STRINGS = NO;
				SWIFT_VERSION = 5.0;
				TARGETED_DEVICE_FAMILY = "1,2";
				TEST_HOST = "$(BUILT_PRODUCTS_DIR)/MobileSoftwareBook.app/MobileSoftwareBook";
			};
			name = Release;
		};
		FBB928FA27654D9400BF3B01 /* Debug */ = {
			isa = XCBuildConfiguration;
			buildSettings = {
				ALWAYS_EMBED_SWIFT_STANDARD_LIBRARIES = YES;
				CODE_SIGN_STYLE = Automatic;
				CURRENT_PROJECT_VERSION = 1;
				GENERATE_INFOPLIST_FILE = YES;
				LD_RUNPATH_SEARCH_PATHS = (
					"$(inherited)",
					"@executable_path/Frameworks",
					"@loader_path/Frameworks",
				);
				MARKETING_VERSION = 1.0;
				PRODUCT_BUNDLE_IDENTIFIER = com.kunai.MobileSoftwareBookUITests;
				PRODUCT_NAME = "$(TARGET_NAME)";
				SWIFT_EMIT_LOC_STRINGS = NO;
				SWIFT_VERSION = 5.0;
				TARGETED_DEVICE_FAMILY = "1,2";
				TEST_TARGET_NAME = MobileSoftwareBook;
			};
			name = Debug;
		};
		FBB928FB27654D9400BF3B01 /* Release */ = {
			isa = XCBuildConfiguration;
			buildSettings = {
				ALWAYS_EMBED_SWIFT_STANDARD_LIBRARIES = YES;
				CODE_SIGN_STYLE = Automatic;
				CURRENT_PROJECT_VERSION = 1;
				GENERATE_INFOPLIST_FILE = YES;
				LD_RUNPATH_SEARCH_PATHS = (
					"$(inherited)",
					"@executable_path/Frameworks",
					"@loader_path/Frameworks",
				);
				MARKETING_VERSION = 1.0;
				PRODUCT_BUNDLE_IDENTIFIER = com.kunai.MobileSoftwareBookUITests;
				PRODUCT_NAME = "$(TARGET_NAME)";
				SWIFT_EMIT_LOC_STRINGS = NO;
				SWIFT_VERSION = 5.0;
				TARGETED_DEVICE_FAMILY = "1,2";
				TEST_TARGET_NAME = MobileSoftwareBook;
			};
			name = Release;
		};
/* End XCBuildConfiguration section */

/* Begin XCConfigurationList section */
		FBB928C427654D9300BF3B01 /* Build configuration list for PBXProject "MobileSoftwareBook" */ = {
			isa = XCConfigurationList;
			buildConfigurations = (
				FBB928F127654D9400BF3B01 /* Debug */,
				FBB928F227654D9400BF3B01 /* Release */,
			);
			defaultConfigurationIsVisible = 0;
			defaultConfigurationName = Release;
		};
		FBB928F327654D9400BF3B01 /* Build configuration list for PBXNativeTarget "MobileSoftwareBook" */ = {
			isa = XCConfigurationList;
			buildConfigurations = (
				FBB928F427654D9400BF3B01 /* Debug */,
				FBB928F527654D9400BF3B01 /* Release */,
			);
			defaultConfigurationIsVisible = 0;
			defaultConfigurationName = Release;
		};
		FBB928F627654D9400BF3B01 /* Build configuration list for PBXNativeTarget "MobileSoftwareBookTests" */ = {
			isa = XCConfigurationList;
			buildConfigurations = (
				FBB928F727654D9400BF3B01 /* Debug */,
				FBB928F827654D9400BF3B01 /* Release */,
			);
			defaultConfigurationIsVisible = 0;
			defaultConfigurationName = Release;
		};
		FBB928F927654D9400BF3B01 /* Build configuration list for PBXNativeTarget "MobileSoftwareBookUITests" */ = {
			isa = XCConfigurationList;
			buildConfigurations = (
				FBB928FA27654D9400BF3B01 /* Debug */,
				FBB928FB27654D9400BF3B01 /* Release */,
			);
			defaultConfigurationIsVisible = 0;
			defaultConfigurationName = Release;
		};
/* End XCConfigurationList section */
	};
	rootObject = FBB928C127654D9300BF3B01 /* Project object */;
}
